
Microsoft Visual Studio Solution File, Format Version 12.00
# Visual Studio Version 17
VisualStudioVersion = 17.0.31903.59
MinimumVisualStudioVersion = 10.0.40219.1
Project("{2150E333-8FDC-42A3-9474-1A3956D46DE8}") = "src", "src", "{827E0CD3-B72D-47B6-A68D-7590B98EB39B}"
EndProject
Project("{FAE04EC0-301F-11D3-BF4B-00C04F79EFBC}") = "OSPi.Domain", "src\OSPi.Domain\OSPi.Domain.csproj", "{6B483097-A3F1-4878-B635-58BE55D59984}"
EndProject
Project("{FAE04EC0-301F-11D3-BF4B-00C04F79EFBC}") = "OSPi.Application", "src\OSPi.Application\OSPi.Application.csproj", "{4CDBB5F0-7F23-493B-8779-6FE513252357}"
EndProject
Project("{FAE04EC0-301F-11D3-BF4B-00C04F79EFBC}") = "OSPi.Infrastructure", "src\OSPi.Infrastructure\OSPi.Infrastructure.csproj", "{7F2EB091-3BD9-4A7E-AF5E-B3BDC04C9F63}"
EndProject
Project("{FAE04EC0-301F-11D3-BF4B-00C04F79EFBC}") = "OSPi.Web", "src\OSPi.Web\OSPi.Web.csproj", "{1487727F-334D-4BF8-B501-4B0E7319FB1C}"
EndProject
Project("{FAE04EC0-301F-11D3-BF4B-00C04F79EFBC}") = "OSPi.Mcp", "src\OSPi.Mcp\OSPi.Mcp.csproj", "{D94298EF-EC16-42F0-8BD6-E9C27ADCE6A6}"
EndProject
Project("{2150E333-8FDC-42A3-9474-1A3956D46DE8}") = "tests", "tests", "{0AB3BF05-4346-4AA6-1389-037BE0695223}"
EndProject
Project("{FAE04EC0-301F-11D3-BF4B-00C04F79EFBC}") = "OSPi.Tests", "tests\OSPi.Tests\OSPi.Tests.csproj", "{D00441C1-7FB8-462E-B3B6-69706BF602C4}"
EndProject
Project("{FAE04EC0-301F-11D3-BF4B-00C04F79EFBC}") = "OSPi.Web.Tests", "tests\OSPi.Web.Tests\OSPi.Web.Tests.csproj", "{57F8F49F-3CC9-4C74-984A-B09D6783D70E}"
EndProject
Global
	GlobalSection(SolutionConfigurationPlatforms) = preSolution
		Debug|Any CPU = Debug|Any CPU
		Debug|x64 = Debug|x64
		Debug|x86 = Debug|x86
		Release|Any CPU = Release|Any CPU
		Release|x64 = Release|x64
		Release|x86 = Release|x86
	EndGlobalSection
	GlobalSection(ProjectConfigurationPlatforms) = postSolution
		{6B483097-A3F1-4878-B635-58BE55D59984}.Debug|Any CPU.ActiveCfg = Debug|Any CPU
		{6B483097-A3F1-4878-B635-58BE55D59984}.Debug|Any CPU.Build.0 = Debug|Any CPU
		{6B483097-A3F1-4878-B635-58BE55D59984}.Debug|x64.ActiveCfg = Debug|Any CPU
		{6B483097-A3F1-4878-B635-58BE55D59984}.Debug|x64.Build.0 = Debug|Any CPU
		{6B483097-A3F1-4878-B635-58BE55D59984}.Debug|x86.ActiveCfg = Debug|Any CPU
		{6B483097-A3F1-4878-B635-58BE55D59984}.Debug|x86.Build.0 = Debug|Any CPU
		{6B483097-A3F1-4878-B635-58BE55D59984}.Release|Any CPU.ActiveCfg = Release|Any CPU
		{6B483097-A3F1-4878-B635-58BE55D59984}.Release|Any CPU.Build.0 = Release|Any CPU
		{6B483097-A3F1-4878-B635-58BE55D59984}.Release|x64.ActiveCfg = Release|Any CPU
		{6B483097-A3F1-4878-B635-58BE55D59984}.Release|x64.Build.0 = Release|Any CPU
		{6B483097-A3F1-4878-B635-58BE55D59984}.Release|x86.ActiveCfg = Release|Any CPU
		{6B483097-A3F1-4878-B635-58BE55D59984}.Release|x86.Build.0 = Release|Any CPU
		{4CDBB5F0-7F23-493B-8779-6FE513252357}.Debug|Any CPU.ActiveCfg = Debug|Any CPU
		{4CDBB5F0-7F23-493B-8779-6FE513252357}.Debug|Any CPU.Build.0 = Debug|Any CPU
		{4CDBB5F0-7F23-493B-8779-6FE513252357}.Debug|x64.ActiveCfg = Debug|Any CPU
		{4CDBB5F0-7F23-493B-8779-6FE513252357}.Debug|x64.Build.0 = Debug|Any CPU
		{4CDBB5F0-7F23-493B-8779-6FE513252357}.Debug|x86.ActiveCfg = Debug|Any CPU
		{4CDBB5F0-7F23-493B-8779-6FE513252357}.Debug|x86.Build.0 = Debug|Any CPU
		{4CDBB5F0-7F23-493B-8779-6FE513252357}.Release|Any CPU.ActiveCfg = Release|Any CPU
		{4CDBB5F0-7F23-493B-8779-6FE513252357}.Release|Any CPU.Build.0 = Release|Any CPU
		{4CDBB5F0-7F23-493B-8779-6FE513252357}.Release|x64.ActiveCfg = Release|Any CPU
		{4CDBB5F0-7F23-493B-8779-6FE513252357}.Release|x64.Build.0 = Release|Any CPU
		{4CDBB5F0-7F23-493B-8779-6FE513252357}.Release|x86.ActiveCfg = Release|Any CPU
		{4CDBB5F0-7F23-493B-8779-6FE513252357}.Release|x86.Build.0 = Release|Any CPU
		{7F2EB091-3BD9-4A7E-AF5E-B3BDC04C9F63}.Debug|Any CPU.ActiveCfg = Debug|Any CPU
		{7F2EB091-3BD9-4A7E-AF5E-B3BDC04C9F63}.Debug|Any CPU.Build.0 = Debug|Any CPU
		{7F2EB091-3BD9-4A7E-AF5E-B3BDC04C9F63}.Debug|x64.ActiveCfg = Debug|Any CPU
		{7F2EB091-3BD9-4A7E-AF5E-B3BDC04C9F63}.Debug|x64.Build.0 = Debug|Any CPU
		{7F2EB091-3BD9-4A7E-AF5E-B3BDC04C9F63}.Debug|x86.ActiveCfg = Debug|Any CPU
		{7F2EB091-3BD9-4A7E-AF5E-B3BDC04C9F63}.Debug|x86.Build.0 = Debug|Any CPU
		{7F2EB091-3BD9-4A7E-AF5E-B3BDC04C9F63}.Release|Any CPU.ActiveCfg = Release|Any CPU
		{7F2EB091-3BD9-4A7E-AF5E-B3BDC04C9F63}.Release|Any CPU.Build.0 = Release|Any CPU
		{7F2EB091-3BD9-4A7E-AF5E-B3BDC04C9F63}.Release|x64.ActiveCfg = Release|Any CPU
		{7F2EB091-3BD9-4A7E-AF5E-B3BDC04C9F63}.Release|x64.Build.0 = Release|Any CPU
		{7F2EB091-3BD9-4A7E-AF5E-B3BDC04C9F63}.Release|x86.ActiveCfg = Release|Any CPU
		{7F2EB091-3BD9-4A7E-AF5E-B3BDC04C9F63}.Release|x86.Build.0 = Release|Any CPU
		{1487727F-334D-4BF8-B501-4B0E7319FB1C}.Debug|Any CPU.ActiveCfg = Debug|Any CPU
		{1487727F-334D-4BF8-B501-4B0E7319FB1C}.Debug|Any CPU.Build.0 = Debug|Any CPU
		{1487727F-334D-4BF8-B501-4B0E7319FB1C}.Debug|x64.ActiveCfg = Debug|Any CPU
		{1487727F-334D-4BF8-B501-4B0E7319FB1C}.Debug|x64.Build.0 = Debug|Any CPU
		{1487727F-334D-4BF8-B501-4B0E7319FB1C}.Debug|x86.ActiveCfg = Debug|Any CPU
		{1487727F-334D-4BF8-B501-4B0E7319FB1C}.Debug|x86.Build.0 = Debug|Any CPU
		{1487727F-334D-4BF8-B501-4B0E7319FB1C}.Release|Any CPU.ActiveCfg = Release|Any CPU
		{1487727F-334D-4BF8-B501-4B0E7319FB1C}.Release|Any CPU.Build.0 = Release|Any CPU
		{1487727F-334D-4BF8-B501-4B0E7319FB1C}.Release|x64.ActiveCfg = Release|Any CPU
		{1487727F-334D-4BF8-B501-4B0E7319FB1C}.Release|x64.Build.0 = Release|Any CPU
		{1487727F-334D-4BF8-B501-4B0E7319FB1C}.Release|x86.ActiveCfg = Release|Any CPU
		{1487727F-334D-4BF8-B501-4B0E7319FB1C}.Release|x86.Build.0 = Release|Any CPU
		{D94298EF-EC16-42F0-8BD6-E9C27ADCE6A6}.Debug|Any CPU.ActiveCfg = Debug|Any CPU
		{D94298EF-EC16-42F0-8BD6-E9C27ADCE6A6}.Debug|Any CPU.Build.0 = Debug|Any CPU
		{D94298EF-EC16-42F0-8BD6-E9C27ADCE6A6}.Debug|x64.ActiveCfg = Debug|Any CPU
		{D94298EF-EC16-42F0-8BD6-E9C27ADCE6A6}.Debug|x64.Build.0 = Debug|Any CPU
		{D94298EF-EC16-42F0-8BD6-E9C27ADCE6A6}.Debug|x86.ActiveCfg = Debug|Any CPU
		{D94298EF-EC16-42F0-8BD6-E9C27ADCE6A6}.Debug|x86.Build.0 = Debug|Any CPU
		{D94298EF-EC16-42F0-8BD6-E9C27ADCE6A6}.Release|Any CPU.ActiveCfg = Release|Any CPU
		{D94298EF-EC16-42F0-8BD6-E9C27ADCE6A6}.Release|Any CPU.Build.0 = Release|Any CPU
		{D94298EF-EC16-42F0-8BD6-E9C27ADCE6A6}.Release|x64.ActiveCfg = Release|Any CPU
		{D94298EF-EC16-42F0-8BD6-E9C27ADCE6A6}.Release|x64.Build.0 = Release|Any CPU
		{D94298EF-EC16-42F0-8BD6-E9C27ADCE6A6}.Release|x86.ActiveCfg = Release|Any CPU
		{D94298EF-EC16-42F0-8BD6-E9C27ADCE6A6}.Release|x86.Build.0 = Release|Any CPU
		{D00441C1-7FB8-462E-B3B6-69706BF602C4}.Debug|Any CPU.ActiveCfg = Debug|Any CPU
		{D00441C1-7FB8-462E-B3B6-69706BF602C4}.Debug|Any CPU.Build.0 = Debug|Any CPU
		{D00441C1-7FB8-462E-B3B6-69706BF602C4}.Debug|x64.ActiveCfg = Debug|Any CPU
		{D00441C1-7FB8-462E-B3B6-69706BF602C4}.Debug|x64.Build.0 = Debug|Any CPU
		{D00441C1-7FB8-462E-B3B6-69706BF602C4}.Debug|x86.ActiveCfg = Debug|Any CPU
		{D00441C1-7FB8-462E-B3B6-69706BF602C4}.Debug|x86.Build.0 = Debug|Any CPU
		{D00441C1-7FB8-462E-B3B6-69706BF602C4}.Release|Any CPU.ActiveCfg = Release|Any CPU
		{D00441C1-7FB8-462E-B3B6-69706BF602C4}.Release|Any CPU.Build.0 = Release|Any CPU
		{D00441C1-7FB8-462E-B3B6-69706BF602C4}.Release|x64.ActiveCfg = Release|Any CPU
		{D00441C1-7FB8-462E-B3B6-69706BF602C4}.Release|x64.Build.0 = Release|Any CPU
		{D00441C1-7FB8-462E-B3B6-69706BF602C4}.Release|x86.ActiveCfg = Release|Any CPU
		{D00441C1-7FB8-462E-B3B6-69706BF602C4}.Release|x86.Build.0 = Release|Any CPU
		{57F8F49F-3CC9-4C74-984A-B09D6783D70E}.Debug|Any CPU.ActiveCfg = Debug|Any CPU
		{57F8F49F-3CC9-4C74-984A-B09D6783D70E}.Debug|Any CPU.Build.0 = Debug|Any CPU
		{57F8F49F-3CC9-4C74-984A-B09D6783D70E}.Debug|x64.ActiveCfg = Debug|Any CPU
		{57F8F49F-3CC9-4C74-984A-B09D6783D70E}.Debug|x64.Build.0 = Debug|Any CPU
		{57F8F49F-3CC9-4C74-984A-B09D6783D70E}.Debug|x86.ActiveCfg = Debug|Any CPU
		{57F8F49F-3CC9-4C74-984A-B09D6783D70E}.Debug|x86.Build.0 = Debug|Any CPU
		{57F8F49F-3CC9-4C74-984A-B09D6783D70E}.Release|Any CPU.ActiveCfg = Release|Any CPU
		{57F8F49F-3CC9-4C74-984A-B09D6783D70E}.Release|Any CPU.Build.0 = Release|Any CPU
		{57F8F49F-3CC9-4C74-984A-B09D6783D70E}.Release|x64.ActiveCfg = Release|Any CPU
		{57F8F49F-3CC9-4C74-984A-B09D6783D70E}.Release|x64.Build.0 = Release|Any CPU
		{57F8F49F-3CC9-4C74-984A-B09D6783D70E}.Release|x86.ActiveCfg = Release|Any CPU
		{57F8F49F-3CC9-4C74-984A-B09D6783D70E}.Release|x86.Build.0 = Release|Any CPU
	EndGlobalSection
	GlobalSection(SolutionProperties) = preSolution
		HideSolutionNode = FALSE
	EndGlobalSection
	GlobalSection(NestedProjects) = preSolution
		{6B483097-A3F1-4878-B635-58BE55D59984} = {827E0CD3-B72D-47B6-A68D-7590B98EB39B}
		{4CDBB5F0-7F23-493B-8779-6FE513252357} = {827E0CD3-B72D-47B6-A68D-7590B98EB39B}
		{7F2EB091-3BD9-4A7E-AF5E-B3BDC04C9F63} = {827E0CD3-B72D-47B6-A68D-7590B98EB39B}
		{1487727F-334D-4BF8-B501-4B0E7319FB1C} = {827E0CD3-B72D-47B6-A68D-7590B98EB39B}
		{D94298EF-EC16-42F0-8BD6-E9C27ADCE6A6} = {827E0CD3-B72D-47B6-A68D-7590B98EB39B}
		{D00441C1-7FB8-462E-B3B6-69706BF602C4} = {0AB3BF05-4346-4AA6-1389-037BE0695223}
		{57F8F49F-3CC9-4C74-984A-B09D6783D70E} = {0AB3BF05-4346-4AA6-1389-037BE0695223}
	EndGlobalSection
EndGlobal
